
Microsoft Visual Studio Solution File, Format Version 12.00
# Visual Studio Version 16
VisualStudioVersion = 16.0.29009.5
MinimumVisualStudioVersion = 10.0.40219.1
Project("{FAE04EC0-301F-11D3-BF4B-00C04F79EFBC}") = "PowerCenter.UWP", "PowerCenter.UWP\PowerCenter.UWP.csproj", "{0554872B-4A6D-400E-9B6E-4F2A759B7A5D}"
EndProject
Project("{C7167F0D-BC9F-4E6E-AFE1-012C56B48DB5}") = "PowerCenter.Package", "PowerCenter.Package\PowerCenter.Package.wapproj", "{30AAC255-F2D1-4058-8B61-21FCBCFAC40C}"
EndProject
Project("{FAE04EC0-301F-11D3-BF4B-00C04F79EFBC}") = "PowerCenter.Win32Bridge", "PowerCenter.Win32Bridge\PowerCenter.Win32Bridge.csproj", "{CDD927AA-4307-4D3E-B31D-070BA8E4151D}"
EndProject
Project("{D954291E-2A0B-460D-934E-DC6B0785DB48}") = "PowerCenter.Shared", "PowerCenter.Shared\PowerCenter.Shared.shproj", "{A0ABBA40-2119-4A23-ADE5-01BFEC16A515}"
EndProject
Global
	GlobalSection(SharedMSBuildProjectFiles) = preSolution
		PowerCenter.Shared\PowerCenter.Shared.projitems*{0554872b-4a6d-400e-9b6e-4f2a759b7a5d}*SharedItemsImports = 4
		PowerCenter.Shared\PowerCenter.Shared.projitems*{a0abba40-2119-4a23-ade5-01bfec16a515}*SharedItemsImports = 13
		PowerCenter.Shared\PowerCenter.Shared.projitems*{cdd927aa-4307-4d3e-b31d-070ba8e4151d}*SharedItemsImports = 4
	EndGlobalSection
	GlobalSection(SolutionConfigurationPlatforms) = preSolution
		Debug|Any CPU = Debug|Any CPU
		Debug|ARM = Debug|ARM
		Debug|ARM64 = Debug|ARM64
		Debug|x64 = Debug|x64
		Debug|x86 = Debug|x86
		Release|Any CPU = Release|Any CPU
		Release|ARM = Release|ARM
		Release|ARM64 = Release|ARM64
		Release|x64 = Release|x64
		Release|x86 = Release|x86
	EndGlobalSection
	GlobalSection(ProjectConfigurationPlatforms) = postSolution
		{0554872B-4A6D-400E-9B6E-4F2A759B7A5D}.Debug|Any CPU.ActiveCfg = Debug|x86
		{0554872B-4A6D-400E-9B6E-4F2A759B7A5D}.Debug|ARM.ActiveCfg = Debug|ARM
		{0554872B-4A6D-400E-9B6E-4F2A759B7A5D}.Debug|ARM.Build.0 = Debug|ARM
		{0554872B-4A6D-400E-9B6E-4F2A759B7A5D}.Debug|ARM.Deploy.0 = Debug|ARM
		{0554872B-4A6D-400E-9B6E-4F2A759B7A5D}.Debug|ARM64.ActiveCfg = Debug|ARM64
		{0554872B-4A6D-400E-9B6E-4F2A759B7A5D}.Debug|ARM64.Build.0 = Debug|ARM64
		{0554872B-4A6D-400E-9B6E-4F2A759B7A5D}.Debug|ARM64.Deploy.0 = Debug|ARM64
		{0554872B-4A6D-400E-9B6E-4F2A759B7A5D}.Debug|x64.ActiveCfg = Debug|x64
		{0554872B-4A6D-400E-9B6E-4F2A759B7A5D}.Debug|x64.Build.0 = Debug|x64
		{0554872B-4A6D-400E-9B6E-4F2A759B7A5D}.Debug|x86.ActiveCfg = Debug|x86
		{0554872B-4A6D-400E-9B6E-4F2A759B7A5D}.Debug|x86.Build.0 = Debug|x86
		{0554872B-4A6D-400E-9B6E-4F2A759B7A5D}.Debug|x86.Deploy.0 = Debug|x86
		{0554872B-4A6D-400E-9B6E-4F2A759B7A5D}.Release|Any CPU.ActiveCfg = Release|x86
		{0554872B-4A6D-400E-9B6E-4F2A759B7A5D}.Release|ARM.ActiveCfg = Release|ARM
		{0554872B-4A6D-400E-9B6E-4F2A759B7A5D}.Release|ARM.Build.0 = Release|ARM
		{0554872B-4A6D-400E-9B6E-4F2A759B7A5D}.Release|ARM.Deploy.0 = Release|ARM
		{0554872B-4A6D-400E-9B6E-4F2A759B7A5D}.Release|ARM64.ActiveCfg = Release|ARM64
		{0554872B-4A6D-400E-9B6E-4F2A759B7A5D}.Release|ARM64.Build.0 = Release|ARM64
		{0554872B-4A6D-400E-9B6E-4F2A759B7A5D}.Release|ARM64.Deploy.0 = Release|ARM64
		{0554872B-4A6D-400E-9B6E-4F2A759B7A5D}.Release|x64.ActiveCfg = Debug|x64
		{0554872B-4A6D-400E-9B6E-4F2A759B7A5D}.Release|x64.Build.0 = Debug|x64
		{0554872B-4A6D-400E-9B6E-4F2A759B7A5D}.Release|x86.ActiveCfg = Debug|x86
		{0554872B-4A6D-400E-9B6E-4F2A759B7A5D}.Release|x86.Build.0 = Debug|x86
		{30AAC255-F2D1-4058-8B61-21FCBCFAC40C}.Debug|Any CPU.ActiveCfg = Debug|Any CPU
		{30AAC255-F2D1-4058-8B61-21FCBCFAC40C}.Debug|Any CPU.Build.0 = Debug|Any CPU
		{30AAC255-F2D1-4058-8B61-21FCBCFAC40C}.Debug|Any CPU.Deploy.0 = Debug|Any CPU
		{30AAC255-F2D1-4058-8B61-21FCBCFAC40C}.Debug|ARM.ActiveCfg = Debug|ARM
		{30AAC255-F2D1-4058-8B61-21FCBCFAC40C}.Debug|ARM.Build.0 = Debug|ARM
		{30AAC255-F2D1-4058-8B61-21FCBCFAC40C}.Debug|ARM.Deploy.0 = Debug|ARM
		{30AAC255-F2D1-4058-8B61-21FCBCFAC40C}.Debug|ARM64.ActiveCfg = Debug|ARM64
		{30AAC255-F2D1-4058-8B61-21FCBCFAC40C}.Debug|ARM64.Build.0 = Debug|ARM64
		{30AAC255-F2D1-4058-8B61-21FCBCFAC40C}.Debug|ARM64.Deploy.0 = Debug|ARM64
		{30AAC255-F2D1-4058-8B61-21FCBCFAC40C}.Debug|x64.ActiveCfg = Debug|x64
		{30AAC255-F2D1-4058-8B61-21FCBCFAC40C}.Debug|x64.Build.0 = Debug|x64
		{30AAC255-F2D1-4058-8B61-21FCBCFAC40C}.Debug|x64.Deploy.0 = Debug|x64
		{30AAC255-F2D1-4058-8B61-21FCBCFAC40C}.Debug|x86.ActiveCfg = Debug|x86
		{30AAC255-F2D1-4058-8B61-21FCBCFAC40C}.Debug|x86.Build.0 = Debug|x86
		{30AAC255-F2D1-4058-8B61-21FCBCFAC40C}.Debug|x86.Deploy.0 = Debug|x86
		{30AAC255-F2D1-4058-8B61-21FCBCFAC40C}.Release|Any CPU.ActiveCfg = Release|Any CPU
		{30AAC255-F2D1-4058-8B61-21FCBCFAC40C}.Release|Any CPU.Build.0 = Release|Any CPU
		{30AAC255-F2D1-4058-8B61-21FCBCFAC40C}.Release|Any CPU.Deploy.0 = Release|Any CPU
		{30AAC255-F2D1-4058-8B61-21FCBCFAC40C}.Release|ARM.ActiveCfg = Release|ARM
		{30AAC255-F2D1-4058-8B61-21FCBCFAC40C}.Release|ARM.Build.0 = Release|ARM
		{30AAC255-F2D1-4058-8B61-21FCBCFAC40C}.Release|ARM.Deploy.0 = Release|ARM
		{30AAC255-F2D1-4058-8B61-21FCBCFAC40C}.Release|ARM64.ActiveCfg = Release|ARM64
		{30AAC255-F2D1-4058-8B61-21FCBCFAC40C}.Release|ARM64.Build.0 = Release|ARM64
		{30AAC255-F2D1-4058-8B61-21FCBCFAC40C}.Release|ARM64.Deploy.0 = Release|ARM64
		{30AAC255-F2D1-4058-8B61-21FCBCFAC40C}.Release|x64.ActiveCfg = Debug|x64
		{30AAC255-F2D1-4058-8B61-21FCBCFAC40C}.Release|x64.Build.0 = Debug|x64
		{30AAC255-F2D1-4058-8B61-21FCBCFAC40C}.Release|x64.Deploy.0 = Debug|x64
		{30AAC255-F2D1-4058-8B61-21FCBCFAC40C}.Release|x86.ActiveCfg = Debug|x86
		{30AAC255-F2D1-4058-8B61-21FCBCFAC40C}.Release|x86.Build.0 = Debug|x86
		{30AAC255-F2D1-4058-8B61-21FCBCFAC40C}.Release|x86.Deploy.0 = Debug|x86
		{CDD927AA-4307-4D3E-B31D-070BA8E4151D}.Debug|Any CPU.ActiveCfg = Debug|Any CPU
		{CDD927AA-4307-4D3E-B31D-070BA8E4151D}.Debug|Any CPU.Build.0 = Debug|Any CPU
		{CDD927AA-4307-4D3E-B31D-070BA8E4151D}.Debug|ARM.ActiveCfg = Debug|Any CPU
		{CDD927AA-4307-4D3E-B31D-070BA8E4151D}.Debug|ARM.Build.0 = Debug|Any CPU
		{CDD927AA-4307-4D3E-B31D-070BA8E4151D}.Debug|ARM64.ActiveCfg = Debug|Any CPU
		{CDD927AA-4307-4D3E-B31D-070BA8E4151D}.Debug|ARM64.Build.0 = Debug|Any CPU
		{CDD927AA-4307-4D3E-B31D-070BA8E4151D}.Debug|x64.ActiveCfg = Debug|Any CPU
		{CDD927AA-4307-4D3E-B31D-070BA8E4151D}.Debug|x64.Build.0 = Debug|Any CPU
		{CDD927AA-4307-4D3E-B31D-070BA8E4151D}.Debug|x86.ActiveCfg = Debug|Any CPU
		{CDD927AA-4307-4D3E-B31D-070BA8E4151D}.Debug|x86.Build.0 = Debug|Any CPU
		{CDD927AA-4307-4D3E-B31D-070BA8E4151D}.Release|Any CPU.ActiveCfg = Release|Any CPU
		{CDD927AA-4307-4D3E-B31D-070BA8E4151D}.Release|Any CPU.Build.0 = Release|Any CPU
		{CDD927AA-4307-4D3E-B31D-070BA8E4151D}.Release|ARM.ActiveCfg = Release|Any CPU
		{CDD927AA-4307-4D3E-B31D-070BA8E4151D}.Release|ARM.Build.0 = Release|Any CPU
		{CDD927AA-4307-4D3E-B31D-070BA8E4151D}.Release|ARM64.ActiveCfg = Release|Any CPU
		{CDD927AA-4307-4D3E-B31D-070BA8E4151D}.Release|ARM64.Build.0 = Release|Any CPU
		{CDD927AA-4307-4D3E-B31D-070BA8E4151D}.Release|x64.ActiveCfg = Debug|Any CPU
		{CDD927AA-4307-4D3E-B31D-070BA8E4151D}.Release|x64.Build.0 = Debug|Any CPU
		{CDD927AA-4307-4D3E-B31D-070BA8E4151D}.Release|x86.ActiveCfg = Debug|Any CPU
		{CDD927AA-4307-4D3E-B31D-070BA8E4151D}.Release|x86.Build.0 = Debug|Any CPU
	EndGlobalSection
	GlobalSection(SolutionProperties) = preSolution
		HideSolutionNode = FALSE
	EndGlobalSection
	GlobalSection(ExtensibilityGlobals) = postSolution
		SolutionGuid = {53728AF0-9D9F-4135-A153-30FECFAB7200}
	EndGlobalSection
EndGlobal
